
Microsoft Visual Studio Solution File, Format Version 12.00
# Visual Studio Version 16
VisualStudioVersion = 16.0.33328.57
MinimumVisualStudioVersion = 10.0.40219.1
Project("{FAE04EC0-301F-11D3-BF4B-00C04F79EFBC}") = "SalesWebMvc", "SalesWebMvc\SalesWebMvc.csproj", "{DF162C1D-83A5-4C8B-B3A7-A45914D9F0C0}"
EndProject
Global
	GlobalSection(SolutionConfigurationPlatforms) = preSolution
		Debug|Any CPU = Debug|Any CPU
		Release|Any CPU = Release|Any CPU
	EndGlobalSection
	GlobalSection(ProjectConfigurationPlatforms) = postSolution
		{DF162C1D-83A5-4C8B-B3A7-A45914D9F0C0}.Debug|Any CPU.ActiveCfg = Debug|Any CPU
		{DF162C1D-83A5-4C8B-B3A7-A45914D9F0C0}.Debug|Any CPU.Build.0 = Debug|Any CPU
		{DF162C1D-83A5-4C8B-B3A7-A45914D9F0C0}.Release|Any CPU.ActiveCfg = Release|Any CPU
		{DF162C1D-83A5-4C8B-B3A7-A45914D9F0C0}.Release|Any CPU.Build.0 = Release|Any CPU
	EndGlobalSection
	GlobalSection(SolutionProperties) = preSolution
		HideSolutionNode = FALSE
	EndGlobalSection
	GlobalSection(ExtensibilityGlobals) = postSolution
		SolutionGuid = {2A819651-4D0B-4F76-96C6-7F32F6904E25}
	EndGlobalSection
EndGlobal
